
Microsoft Visual Studio Solution File, Format Version 12.00
Project("{FAE04EC0-301F-11D3-BF4B-00C04F79EFBC}") = "Point72.LibraryApi", "Point72.LibraryApi\Point72.LibraryApi.csproj", "{C91EB7A1-5446-4A89-84B2-F3D0AEE5BC6F}"
EndProject
Project("{FAE04EC0-301F-11D3-BF4B-00C04F79EFBC}") = "Point72.LibraryApi.IntegrationTests", "Point72.LibraryApi.IntegrationTests\Point72.LibraryApi.IntegrationTests.csproj", "{DFFDA063-5166-4C11-B540-53EB9E161FC0}"
EndProject
Global
	GlobalSection(SolutionConfigurationPlatforms) = preSolution
		Debug|Any CPU = Debug|Any CPU
		Release|Any CPU = Release|Any CPU
	EndGlobalSection
	GlobalSection(ProjectConfigurationPlatforms) = postSolution
		{C91EB7A1-5446-4A89-84B2-F3D0AEE5BC6F}.Debug|Any CPU.ActiveCfg = Debug|Any CPU
		{C91EB7A1-5446-4A89-84B2-F3D0AEE5BC6F}.Debug|Any CPU.Build.0 = Debug|Any CPU
		{C91EB7A1-5446-4A89-84B2-F3D0AEE5BC6F}.Release|Any CPU.ActiveCfg = Release|Any CPU
		{C91EB7A1-5446-4A89-84B2-F3D0AEE5BC6F}.Release|Any CPU.Build.0 = Release|Any CPU
		{DFFDA063-5166-4C11-B540-53EB9E161FC0}.Debug|Any CPU.ActiveCfg = Debug|Any CPU
		{DFFDA063-5166-4C11-B540-53EB9E161FC0}.Debug|Any CPU.Build.0 = Debug|Any CPU
		{DFFDA063-5166-4C11-B540-53EB9E161FC0}.Release|Any CPU.ActiveCfg = Release|Any CPU
		{DFFDA063-5166-4C11-B540-53EB9E161FC0}.Release|Any CPU.Build.0 = Release|Any CPU
	EndGlobalSection
EndGlobal
